
Microsoft Visual Studio Solution File, Format Version 12.00
Project("{FAE04EC0-301F-11D3-BF4B-00C04F79EFBC}") = "Data", "Data\Data.csproj", "{EC5875BE-9858-446D-89C6-3F2C0B31C285}"
EndProject
Project("{FAE04EC0-301F-11D3-BF4B-00C04F79EFBC}") = "Packing", "Packing\Packing.csproj", "{A7DA32BD-0AA0-47F0-9109-37C4EADFB1F9}"
EndProject
Project("{FAE04EC0-301F-11D3-BF4B-00C04F79EFBC}") = "Utilities", "Utilities\Utilities.csproj", "{2D63DB08-ACFC-4D23-8051-2B86D15D0E2B}"
EndProject
Project("{FAE04EC0-301F-11D3-BF4B-00C04F79EFBC}") = "Data.Tests", "Data.Tests\Data.Tests.csproj", "{5280726C-BBCD-4203-A03B-217A658AD5C3}"
EndProject
Project("{FAE04EC0-301F-11D3-BF4B-00C04F79EFBC}") = "PackingApi", "PackingApi\PackingApi.csproj", "{C8128FBB-62D8-44F9-B1B2-C088C6091FB4}"
EndProject
Project("{FAE04EC0-301F-11D3-BF4B-00C04F79EFBC}") = "DataApis", "DataApis\DataApis.csproj", "{AC373D71-E070-44AB-B81F-B5D823A7DCED}"
EndProject
Project("{FAE04EC0-301F-11D3-BF4B-00C04F79EFBC}") = "TestUtilities", "TestUtilities\TestUtilities.csproj", "{C89AB168-4E0E-4923-9EAD-858875FACBE7}"
EndProject
Project("{FAE04EC0-301F-11D3-BF4B-00C04F79EFBC}") = "DataApis.Tests", "DataApis.Tests\DataApis.Tests.csproj", "{688C8D44-D04C-4724-92D5-4819D62C9300}"
EndProject
Global
	GlobalSection(SolutionConfigurationPlatforms) = preSolution
		Debug|Any CPU = Debug|Any CPU
		Release|Any CPU = Release|Any CPU
	EndGlobalSection
	GlobalSection(ProjectConfigurationPlatforms) = postSolution
		{EC5875BE-9858-446D-89C6-3F2C0B31C285}.Debug|Any CPU.ActiveCfg = Debug|Any CPU
		{EC5875BE-9858-446D-89C6-3F2C0B31C285}.Debug|Any CPU.Build.0 = Debug|Any CPU
		{EC5875BE-9858-446D-89C6-3F2C0B31C285}.Release|Any CPU.ActiveCfg = Release|Any CPU
		{EC5875BE-9858-446D-89C6-3F2C0B31C285}.Release|Any CPU.Build.0 = Release|Any CPU
		{A7DA32BD-0AA0-47F0-9109-37C4EADFB1F9}.Debug|Any CPU.ActiveCfg = Debug|Any CPU
		{A7DA32BD-0AA0-47F0-9109-37C4EADFB1F9}.Debug|Any CPU.Build.0 = Debug|Any CPU
		{A7DA32BD-0AA0-47F0-9109-37C4EADFB1F9}.Release|Any CPU.ActiveCfg = Release|Any CPU
		{A7DA32BD-0AA0-47F0-9109-37C4EADFB1F9}.Release|Any CPU.Build.0 = Release|Any CPU
		{2D63DB08-ACFC-4D23-8051-2B86D15D0E2B}.Debug|Any CPU.ActiveCfg = Debug|Any CPU
		{2D63DB08-ACFC-4D23-8051-2B86D15D0E2B}.Debug|Any CPU.Build.0 = Debug|Any CPU
		{2D63DB08-ACFC-4D23-8051-2B86D15D0E2B}.Release|Any CPU.ActiveCfg = Release|Any CPU
		{2D63DB08-ACFC-4D23-8051-2B86D15D0E2B}.Release|Any CPU.Build.0 = Release|Any CPU
		{5280726C-BBCD-4203-A03B-217A658AD5C3}.Debug|Any CPU.ActiveCfg = Debug|Any CPU
		{5280726C-BBCD-4203-A03B-217A658AD5C3}.Debug|Any CPU.Build.0 = Debug|Any CPU
		{5280726C-BBCD-4203-A03B-217A658AD5C3}.Release|Any CPU.ActiveCfg = Release|Any CPU
		{5280726C-BBCD-4203-A03B-217A658AD5C3}.Release|Any CPU.Build.0 = Release|Any CPU
		{C8128FBB-62D8-44F9-B1B2-C088C6091FB4}.Debug|Any CPU.ActiveCfg = Debug|Any CPU
		{C8128FBB-62D8-44F9-B1B2-C088C6091FB4}.Debug|Any CPU.Build.0 = Debug|Any CPU
		{C8128FBB-62D8-44F9-B1B2-C088C6091FB4}.Release|Any CPU.ActiveCfg = Release|Any CPU
		{C8128FBB-62D8-44F9-B1B2-C088C6091FB4}.Release|Any CPU.Build.0 = Release|Any CPU
		{AC373D71-E070-44AB-B81F-B5D823A7DCED}.Debug|Any CPU.ActiveCfg = Debug|Any CPU
		{AC373D71-E070-44AB-B81F-B5D823A7DCED}.Debug|Any CPU.Build.0 = Debug|Any CPU
		{AC373D71-E070-44AB-B81F-B5D823A7DCED}.Release|Any CPU.ActiveCfg = Release|Any CPU
		{AC373D71-E070-44AB-B81F-B5D823A7DCED}.Release|Any CPU.Build.0 = Release|Any CPU
		{C89AB168-4E0E-4923-9EAD-858875FACBE7}.Debug|Any CPU.ActiveCfg = Debug|Any CPU
		{C89AB168-4E0E-4923-9EAD-858875FACBE7}.Debug|Any CPU.Build.0 = Debug|Any CPU
		{C89AB168-4E0E-4923-9EAD-858875FACBE7}.Release|Any CPU.ActiveCfg = Release|Any CPU
		{C89AB168-4E0E-4923-9EAD-858875FACBE7}.Release|Any CPU.Build.0 = Release|Any CPU
		{688C8D44-D04C-4724-92D5-4819D62C9300}.Debug|Any CPU.ActiveCfg = Debug|Any CPU
		{688C8D44-D04C-4724-92D5-4819D62C9300}.Debug|Any CPU.Build.0 = Debug|Any CPU
		{688C8D44-D04C-4724-92D5-4819D62C9300}.Release|Any CPU.ActiveCfg = Release|Any CPU
		{688C8D44-D04C-4724-92D5-4819D62C9300}.Release|Any CPU.Build.0 = Release|Any CPU
	EndGlobalSection
EndGlobal
